
Microsoft Visual Studio Solution File, Format Version 12.00
# Visual Studio Version 16
VisualStudioVersion = 16.0.31410.357
MinimumVisualStudioVersion = 10.0.40219.1
Project("{FAE04EC0-301F-11D3-BF4B-00C04F79EFBC}") = "BaiTap.Misa.API", "BaiTap.Misa.API\BaiTap.Misa.API.csproj", "{41976386-40F3-419D-8EE3-6F63439B7476}"
EndProject
Project("{FAE04EC0-301F-11D3-BF4B-00C04F79EFBC}") = "BaiTap.Misa.Core", "BaiTap.Misa.Core\BaiTap.Misa.Core.csproj", "{71EE3F15-D6C1-4119-8C9D-C635A073BC11}"
EndProject
Global
	GlobalSection(SolutionConfigurationPlatforms) = preSolution
		Debug|Any CPU = Debug|Any CPU
		Release|Any CPU = Release|Any CPU
	EndGlobalSection
	GlobalSection(ProjectConfigurationPlatforms) = postSolution
		{41976386-40F3-419D-8EE3-6F63439B7476}.Debug|Any CPU.ActiveCfg = Debug|Any CPU
		{41976386-40F3-419D-8EE3-6F63439B7476}.Debug|Any CPU.Build.0 = Debug|Any CPU
		{41976386-40F3-419D-8EE3-6F63439B7476}.Release|Any CPU.ActiveCfg = Release|Any CPU
		{41976386-40F3-419D-8EE3-6F63439B7476}.Release|Any CPU.Build.0 = Release|Any CPU
		{71EE3F15-D6C1-4119-8C9D-C635A073BC11}.Debug|Any CPU.ActiveCfg = Debug|Any CPU
		{71EE3F15-D6C1-4119-8C9D-C635A073BC11}.Debug|Any CPU.Build.0 = Debug|Any CPU
		{71EE3F15-D6C1-4119-8C9D-C635A073BC11}.Release|Any CPU.ActiveCfg = Release|Any CPU
		{71EE3F15-D6C1-4119-8C9D-C635A073BC11}.Release|Any CPU.Build.0 = Release|Any CPU
	EndGlobalSection
	GlobalSection(SolutionProperties) = preSolution
		HideSolutionNode = FALSE
	EndGlobalSection
	GlobalSection(ExtensibilityGlobals) = postSolution
		SolutionGuid = {9E4E1CA5-C837-4CF9-936D-E2622B39EACD}
	EndGlobalSection
EndGlobal
